
Microsoft Visual Studio Solution File, Format Version 12.00
# Visual Studio Version 16
VisualStudioVersion = 16.0.30621.155
MinimumVisualStudioVersion = 10.0.40219.1
Project("{9A19103F-16F7-4668-BE54-9A1E7A4F7556}") = "OpenCredentialsPublisher.TestClient", "OpenCredentialsPublisher.TestClient\OpenCredentialsPublisher.TestClient.csproj", "{591E5750-6129-4858-B819-E58E9772F048}"
EndProject
Global
	GlobalSection(SolutionConfigurationPlatforms) = preSolution
		Debug|Any CPU = Debug|Any CPU
		Release|Any CPU = Release|Any CPU
	EndGlobalSection
	GlobalSection(ProjectConfigurationPlatforms) = postSolution
		{591E5750-6129-4858-B819-E58E9772F048}.Debug|Any CPU.ActiveCfg = Debug|Any CPU
		{591E5750-6129-4858-B819-E58E9772F048}.Debug|Any CPU.Build.0 = Debug|Any CPU
		{591E5750-6129-4858-B819-E58E9772F048}.Release|Any CPU.ActiveCfg = Release|Any CPU
		{591E5750-6129-4858-B819-E58E9772F048}.Release|Any CPU.Build.0 = Release|Any CPU
	EndGlobalSection
	GlobalSection(SolutionProperties) = preSolution
		HideSolutionNode = FALSE
	EndGlobalSection
	GlobalSection(ExtensibilityGlobals) = postSolution
		SolutionGuid = {2FA38820-88D4-4941-862E-C0DDCC6960C4}
	EndGlobalSection
EndGlobal
